
Microsoft Visual Studio Solution File, Format Version 12.00
# Visual Studio 15
VisualStudioVersion = 15.0.27703.2026
MinimumVisualStudioVersion = 10.0.40219.1
Project("{FAE04EC0-301F-11D3-BF4B-00C04F79EFBC}") = "Nulos", "Nulos\Nulos.csproj", "{DC26A939-6CA4-4D38-AE27-8D8D47D4BD2C}"
EndProject
Global
	GlobalSection(SolutionConfigurationPlatforms) = preSolution
		Debug|Any CPU = Debug|Any CPU
		Release|Any CPU = Release|Any CPU
	EndGlobalSection
	GlobalSection(ProjectConfigurationPlatforms) = postSolution
		{DC26A939-6CA4-4D38-AE27-8D8D47D4BD2C}.Debug|Any CPU.ActiveCfg = Debug|Any CPU
		{DC26A939-6CA4-4D38-AE27-8D8D47D4BD2C}.Debug|Any CPU.Build.0 = Debug|Any CPU
		{DC26A939-6CA4-4D38-AE27-8D8D47D4BD2C}.Release|Any CPU.ActiveCfg = Release|Any CPU
		{DC26A939-6CA4-4D38-AE27-8D8D47D4BD2C}.Release|Any CPU.Build.0 = Release|Any CPU
	EndGlobalSection
	GlobalSection(SolutionProperties) = preSolution
		HideSolutionNode = FALSE
	EndGlobalSection
	GlobalSection(ExtensibilityGlobals) = postSolution
		SolutionGuid = {A9DAAB6A-7CD2-4055-97BE-FEB1C3427773}
	EndGlobalSection
EndGlobal
